
Microsoft Visual Studio Solution File, Format Version 12.00
# Visual Studio Version 17
VisualStudioVersion = 17.6.33815.320
MinimumVisualStudioVersion = 10.0.40219.1
Project("{9A19103F-16F7-4668-BE54-9A1E7A4F7556}") = "FunL-backend", "FunL-backend.csproj", "{84769F00-C31D-4887-8BDC-339653312DAF}"
EndProject
Global
	GlobalSection(SolutionConfigurationPlatforms) = preSolution
		Debug|Any CPU = Debug|Any CPU
		Release|Any CPU = Release|Any CPU
	EndGlobalSection
	GlobalSection(ProjectConfigurationPlatforms) = postSolution
		{84769F00-C31D-4887-8BDC-339653312DAF}.Debug|Any CPU.ActiveCfg = Debug|Any CPU
		{84769F00-C31D-4887-8BDC-339653312DAF}.Debug|Any CPU.Build.0 = Debug|Any CPU
		{84769F00-C31D-4887-8BDC-339653312DAF}.Release|Any CPU.ActiveCfg = Release|Any CPU
		{84769F00-C31D-4887-8BDC-339653312DAF}.Release|Any CPU.Build.0 = Release|Any CPU
	EndGlobalSection
	GlobalSection(SolutionProperties) = preSolution
		HideSolutionNode = FALSE
	EndGlobalSection
	GlobalSection(ExtensibilityGlobals) = postSolution
		SolutionGuid = {6CCDF75F-2753-45EA-9374-47874A71A135}
	EndGlobalSection
EndGlobal
